
Microsoft Visual Studio Solution File, Format Version 12.00
# Visual Studio 15
VisualStudioVersion = 15.0.27703.2042
MinimumVisualStudioVersion = 10.0.40219.1
Project("{FAE04EC0-301F-11D3-BF4B-00C04F79EFBC}") = "LciService", "LciService\LciService.csproj", "{A16A1BAE-75E1-4E66-AFE7-4F8ECB67DFB0}"
EndProject
Global
	GlobalSection(SolutionConfigurationPlatforms) = preSolution
		Debug|Any CPU = Debug|Any CPU
		Release|Any CPU = Release|Any CPU
	EndGlobalSection
	GlobalSection(ProjectConfigurationPlatforms) = postSolution
		{A16A1BAE-75E1-4E66-AFE7-4F8ECB67DFB0}.Debug|Any CPU.ActiveCfg = Debug|Any CPU
		{A16A1BAE-75E1-4E66-AFE7-4F8ECB67DFB0}.Debug|Any CPU.Build.0 = Debug|Any CPU
		{A16A1BAE-75E1-4E66-AFE7-4F8ECB67DFB0}.Release|Any CPU.ActiveCfg = Release|Any CPU
		{A16A1BAE-75E1-4E66-AFE7-4F8ECB67DFB0}.Release|Any CPU.Build.0 = Release|Any CPU
	EndGlobalSection
	GlobalSection(SolutionProperties) = preSolution
		HideSolutionNode = FALSE
	EndGlobalSection
	GlobalSection(ExtensibilityGlobals) = postSolution
		SolutionGuid = {C9ACE555-9B6E-4223-9F54-620C808A5C6A}
	EndGlobalSection
EndGlobal
